
Microsoft Visual Studio Solution File, Format Version 12.00
# Visual Studio Version 17
VisualStudioVersion = 17.2.32616.157
MinimumVisualStudioVersion = 10.0.40219.1
Project("{FAE04EC0-301F-11D3-BF4B-00C04F79EFBC}") = "WORK", "WORK.csproj", "{9DCF8914-C039-4525-8BA5-5BDC44D2155D}"
EndProject
Global
	GlobalSection(SolutionConfigurationPlatforms) = preSolution
		Debug|Any CPU = Debug|Any CPU
		Release|Any CPU = Release|Any CPU
	EndGlobalSection
	GlobalSection(ProjectConfigurationPlatforms) = postSolution
		{9DCF8914-C039-4525-8BA5-5BDC44D2155D}.Debug|Any CPU.ActiveCfg = Debug|Any CPU
		{9DCF8914-C039-4525-8BA5-5BDC44D2155D}.Debug|Any CPU.Build.0 = Debug|Any CPU
		{9DCF8914-C039-4525-8BA5-5BDC44D2155D}.Release|Any CPU.ActiveCfg = Release|Any CPU
		{9DCF8914-C039-4525-8BA5-5BDC44D2155D}.Release|Any CPU.Build.0 = Release|Any CPU
	EndGlobalSection
	GlobalSection(SolutionProperties) = preSolution
		HideSolutionNode = FALSE
	EndGlobalSection
	GlobalSection(ExtensibilityGlobals) = postSolution
		SolutionGuid = {D333FABE-747E-4C14-91D9-5C015C299CA9}
	EndGlobalSection
EndGlobal
